
Microsoft Visual Studio Solution File, Format Version 12.00
# Visual Studio Version 17
VisualStudioVersion = 17.14.36705.20 d17.14
MinimumVisualStudioVersion = 10.0.40219.1
Project("{FAE04EC0-301F-11D3-BF4B-00C04F79EFBC}") = "Empower 2026 - AI Operational Monitoring - Part 1", "Empower 2026 - AI Operational Monitoring - Part 1\Empower 2026 - AI Operational Monitoring - Part 1.csproj", "{1F1D4B96-CB64-43C5-B9E2-A493D86BB17F}"
EndProject
Project("{FAE04EC0-301F-11D3-BF4B-00C04F79EFBC}") = "AI - Commtia DAB", "AI - Commtia DAB\AI - Commtia DAB.csproj", "{047416B4-9B17-ACA1-F102-5E8D9DFD21EF}"
EndProject
Global
	GlobalSection(SolutionConfigurationPlatforms) = preSolution
		Debug|Any CPU = Debug|Any CPU
		Release|Any CPU = Release|Any CPU
	EndGlobalSection
	GlobalSection(ProjectConfigurationPlatforms) = postSolution
		{1F1D4B96-CB64-43C5-B9E2-A493D86BB17F}.Debug|Any CPU.ActiveCfg = Debug|Any CPU
		{1F1D4B96-CB64-43C5-B9E2-A493D86BB17F}.Debug|Any CPU.Build.0 = Debug|Any CPU
		{1F1D4B96-CB64-43C5-B9E2-A493D86BB17F}.Release|Any CPU.ActiveCfg = Release|Any CPU
		{1F1D4B96-CB64-43C5-B9E2-A493D86BB17F}.Release|Any CPU.Build.0 = Release|Any CPU
		{047416B4-9B17-ACA1-F102-5E8D9DFD21EF}.Debug|Any CPU.ActiveCfg = Debug|Any CPU
		{047416B4-9B17-ACA1-F102-5E8D9DFD21EF}.Debug|Any CPU.Build.0 = Debug|Any CPU
		{047416B4-9B17-ACA1-F102-5E8D9DFD21EF}.Release|Any CPU.ActiveCfg = Release|Any CPU
		{047416B4-9B17-ACA1-F102-5E8D9DFD21EF}.Release|Any CPU.Build.0 = Release|Any CPU
	EndGlobalSection
	GlobalSection(SolutionProperties) = preSolution
		HideSolutionNode = FALSE
	EndGlobalSection
	GlobalSection(ExtensibilityGlobals) = postSolution
		SolutionGuid = {BE98D20C-A61A-48EE-93EF-9BA36E23B3DC}
	EndGlobalSection
EndGlobal
